
Microsoft Visual Studio Solution File, Format Version 12.00
Project("{FAE04EC0-301F-11D3-BF4B-00C04F79EFBC}") = "CursoInicianteMvc", "src\CursoInicianteMvc\CursoInicianteMvc.csproj", "{DC901303-D02C-46E2-9202-FD3F4C147103}"
EndProject
Global
	GlobalSection(SolutionConfigurationPlatforms) = preSolution
		Debug|Any CPU = Debug|Any CPU
		Release|Any CPU = Release|Any CPU
	EndGlobalSection
	GlobalSection(ProjectConfigurationPlatforms) = postSolution
		{DC901303-D02C-46E2-9202-FD3F4C147103}.Debug|Any CPU.ActiveCfg = Debug|Any CPU
		{DC901303-D02C-46E2-9202-FD3F4C147103}.Debug|Any CPU.Build.0 = Debug|Any CPU
		{DC901303-D02C-46E2-9202-FD3F4C147103}.Release|Any CPU.ActiveCfg = Release|Any CPU
		{DC901303-D02C-46E2-9202-FD3F4C147103}.Release|Any CPU.Build.0 = Release|Any CPU
	EndGlobalSection
EndGlobal
